// !$*UTF8*$!
{
	archiveVersion = 1;
	classes = {
	};
	objectVersion = 46;
	objects = {

/* Begin PBXBuildFile section */
		DA91B2321C9BE5E60044CB81 /* AppDelegate.m in Sources */ = {isa = PBXBuildFile; fileRef = DA91B21E1C9BE5E60044CB81 /* AppDelegate.m */; };
		DA91B2331C9BE5E60044CB81 /* Assets.xcassets in Resources */ = {isa = PBXBuildFile; fileRef = DA91B21F1C9BE5E60044CB81 /* Assets.xcassets */; };
		DA91B2341C9BE5E60044CB81 /* ExObject.m in Sources */ = {isa = PBXBuildFile; fileRef = DA91B2211C9BE5E60044CB81 /* ExObject.m */; };
		DA91B2361C9BE5E60044CB81 /* LaunchScreen.storyboard in Resources */ = {isa = PBXBuildFile; fileRef = DA91B2251C9BE5E60044CB81 /* LaunchScreen.storyboard */; };
		DA91B2371C9BE5E60044CB81 /* LoginTable.m in Sources */ = {isa = PBXBuildFile; fileRef = DA91B2271C9BE5E60044CB81 /* LoginTable.m */; };
		DA91B2381C9BE5E60044CB81 /* main.m in Sources */ = {isa = PBXBuildFile; fileRef = DA91B2281C9BE5E60044CB81 /* main.m */; };
		DA91B2391C9BE5E60044CB81 /* Main.storyboard in Resources */ = {isa = PBXBuildFile; fileRef = DA91B2291C9BE5E60044CB81 /* Main.storyboard */; };
		DA91B23A1C9BE5E60044CB81 /* NetWorking.xcdatamodeld in Sources */ = {isa = PBXBuildFile; fileRef = DA91B22A1C9BE5E60044CB81 /* NetWorking.xcdatamodeld */; };
		DA91B23B1C9BE5E60044CB81 /* RegistTable.m in Sources */ = {isa = PBXBuildFile; fileRef = DA91B22E1C9BE5E60044CB81 /* RegistTable.m */; };
		DA91B23C1C9BE5E60044CB81 /* TipsView.m in Sources */ = {isa = PBXBuildFile; fileRef = DA91B2301C9BE5E60044CB81 /* TipsView.m */; };
		DA91B23D1C9BE5E60044CB81 /* TipsView.xib in Resources */ = {isa = PBXBuildFile; fileRef = DA91B2311C9BE5E60044CB81 /* TipsView.xib */; };
		DA91B23F1C9BE64C0044CB81 /* Info.plist in Resources */ = {isa = PBXBuildFile; fileRef = DA91B23E1C9BE64C0044CB81 /* Info.plist */; };
/* End PBXBuildFile section */

/* Begin PBXFileReference section */
		DA4A24561C9B920400C37E1B /* iOS10Alert.app */ = {isa = PBXFileReference; explicitFileType = wrapper.application; includeInIndex = 0; path = iOS10Alert.app; sourceTree = BUILT_PRODUCTS_DIR; };
		DA91B21D1C9BE5E60044CB81 /* AppDelegate.h */ = {isa = PBXFileReference; fileEncoding = 4; lastKnownFileType = sourcecode.c.h; path = AppDelegate.h; sourceTree = "<group>"; };
		DA91B21E1C9BE5E60044CB81 /* AppDelegate.m */ = {isa = PBXFileReference; fileEncoding = 4; lastKnownFileType = sourcecode.c.objc; path = AppDelegate.m; sourceTree = "<group>"; };
		DA91B21F1C9BE5E60044CB81 /* Assets.xcassets */ = {isa = PBXFileReference; lastKnownFileType = folder.assetcatalog; path = Assets.xcassets; sourceTree = "<group>"; };
		DA91B2201C9BE5E60044CB81 /* ExObject.h */ = {isa = PBXFileReference; fileEncoding = 4; lastKnownFileType = sourcecode.c.h; path = ExObject.h; sourceTree = "<group>"; };
		DA91B2211C9BE5E60044CB81 /* ExObject.m */ = {isa = PBXFileReference; fileEncoding = 4; lastKnownFileType = sourcecode.c.objc; path = ExObject.m; sourceTree = "<group>"; };
		DA91B2251C9BE5E60044CB81 /* LaunchScreen.storyboard */ = {isa = PBXFileReference; fileEncoding = 4; lastKnownFileType = file.storyboard; path = LaunchScreen.storyboard; sourceTree = "<group>"; };
		DA91B2261C9BE5E60044CB81 /* LoginTable.h */ = {isa = PBXFileReference; fileEncoding = 4; lastKnownFileType = sourcecode.c.h; path = LoginTable.h; sourceTree = "<group>"; };
		DA91B2271C9BE5E60044CB81 /* LoginTable.m */ = {isa = PBXFileReference; fileEncoding = 4; lastKnownFileType = sourcecode.c.objc; path = LoginTable.m; sourceTree = "<group>"; };
		DA91B2281C9BE5E60044CB81 /* main.m */ = {isa = PBXFileReference; fileEncoding = 4; lastKnownFileType = sourcecode.c.objc; path = main.m; sourceTree = "<group>"; };
		DA91B2291C9BE5E60044CB81 /* Main.storyboard */ = {isa = PBXFileReference; fileEncoding = 4; lastKnownFileType = file.storyboard; path = Main.storyboard; sourceTree = "<group>"; };
		DA91B22B1C9BE5E60044CB81 /* NetWorking.xcdatamodel */ = {isa = PBXFileReference; lastKnownFileType = wrapper.xcdatamodel; path = NetWorking.xcdatamodel; sourceTree = "<group>"; };
		DA91B22C1C9BE5E60044CB81 /* Prefix.pch */ = {isa = PBXFileReference; fileEncoding = 4; lastKnownFileType = sourcecode.c.h; path = Prefix.pch; sourceTree = "<group>"; };
		DA91B22D1C9BE5E60044CB81 /* RegistTable.h */ = {isa = PBXFileReference; fileEncoding = 4; lastKnownFileType = sourcecode.c.h; path = RegistTable.h; sourceTree = "<group>"; };
		DA91B22E1C9BE5E60044CB81 /* RegistTable.m */ = {isa = PBXFileReference; fileEncoding = 4; lastKnownFileType = sourcecode.c.objc; path = RegistTable.m; sourceTree = "<group>"; };
		DA91B22F1C9BE5E60044CB81 /* TipsView.h */ = {isa = PBXFileReference; fileEncoding = 4; lastKnownFileType = sourcecode.c.h; path = TipsView.h; sourceTree = "<group>"; };
		DA91B2301C9BE5E60044CB81 /* TipsView.m */ = {isa = PBXFileReference; fileEncoding = 4; lastKnownFileType = sourcecode.c.objc; path = TipsView.m; sourceTree = "<group>"; };
		DA91B2311C9BE5E60044CB81 /* TipsView.xib */ = {isa = PBXFileReference; fileEncoding = 4; lastKnownFileType = file.xib; path = TipsView.xib; sourceTree = "<group>"; };
		DA91B23E1C9BE64C0044CB81 /* Info.plist */ = {isa = PBXFileReference; fileEncoding = 4; lastKnownFileType = text.plist.xml; path = Info.plist; sourceTree = "<group>"; };
/* End PBXFileReference section */

/* Begin PBXFrameworksBuildPhase section */
		DA4A24531C9B920400C37E1B /* Frameworks */ = {
			isa = PBXFrameworksBuildPhase;
			buildActionMask = 2147483647;
			files = (
			);
			runOnlyForDeploymentPostprocessing = 0;
		};
/* End PBXFrameworksBuildPhase section */

/* Begin PBXGroup section */
		DA4A244D1C9B920400C37E1B = {
			isa = PBXGroup;
			children = (
				DA91B21C1C9BE5E60044CB81 /* iOS10Alert */,
				DA4A24571C9B920400C37E1B /* Products */,
			);
			sourceTree = "<group>";
		};
		DA4A24571C9B920400C37E1B /* Products */ = {
			isa = PBXGroup;
			children = (
				DA4A24561C9B920400C37E1B /* iOS10Alert.app */,
			);
			name = Products;
			sourceTree = "<group>";
		};
		DA91B21C1C9BE5E60044CB81 /* iOS10Alert */ = {
			isa = PBXGroup;
			children = (
				DA9CD9281C9F83B0001173B1 /* Model */,
				DA9CD9291C9F83B8001173B1 /* View */,
				DA9CD92A1C9F83BE001173B1 /* Controller */,
				DA9CD92B1C9F83E7001173B1 /* Supporting Files */,
				DA91B2291C9BE5E60044CB81 /* Main.storyboard */,
				DA91B2251C9BE5E60044CB81 /* LaunchScreen.storyboard */,
				DA91B21F1C9BE5E60044CB81 /* Assets.xcassets */,
			);
			name = iOS10Alert;
			path = NetWorking;
			sourceTree = "<group>";
		};
		DA9CD9281C9F83B0001173B1 /* Model */ = {
			isa = PBXGroup;
			children = (
				DA91B21D1C9BE5E60044CB81 /* AppDelegate.h */,
				DA91B21E1C9BE5E60044CB81 /* AppDelegate.m */,
				DA91B2201C9BE5E60044CB81 /* ExObject.h */,
				DA91B2211C9BE5E60044CB81 /* ExObject.m */,
				DA91B22C1C9BE5E60044CB81 /* Prefix.pch */,
			);
			name = Model;
			sourceTree = "<group>";
		};
		DA9CD9291C9F83B8001173B1 /* View */ = {
			isa = PBXGroup;
			children = (
				DA91B22F1C9BE5E60044CB81 /* TipsView.h */,
				DA91B2301C9BE5E60044CB81 /* TipsView.m */,
				DA91B2311C9BE5E60044CB81 /* TipsView.xib */,
			);
			name = View;
			sourceTree = "<group>";
		};
		DA9CD92A1C9F83BE001173B1 /* Controller */ = {
			isa = PBXGroup;
			children = (
				DA91B2261C9BE5E60044CB81 /* LoginTable.h */,
				DA91B2271C9BE5E60044CB81 /* LoginTable.m */,
				DA91B22D1C9BE5E60044CB81 /* RegistTable.h */,
				DA91B22E1C9BE5E60044CB81 /* RegistTable.m */,
			);
			name = Controller;
			sourceTree = "<group>";
		};
		DA9CD92B1C9F83E7001173B1 /* Supporting Files */ = {
			isa = PBXGroup;
			children = (
				DA91B23E1C9BE64C0044CB81 /* Info.plist */,
				DA91B2281C9BE5E60044CB81 /* main.m */,
				DA91B22A1C9BE5E60044CB81 /* NetWorking.xcdatamodeld */,
			);
			name = "Supporting Files";
			sourceTree = "<group>";
		};
/* End PBXGroup section */

/* Begin PBXNativeTarget section */
		DA4A24551C9B920400C37E1B /* iOS10Alert */ = {
			isa = PBXNativeTarget;
			buildConfigurationList = DA4A24701C9B920400C37E1B /* Build configuration list for PBXNativeTarget "iOS10Alert" */;
			buildPhases = (
				DA4A24521C9B920400C37E1B /* Sources */,
				DA4A24531C9B920400C37E1B /* Frameworks */,
				DA4A24541C9B920400C37E1B /* Resources */,
			);
			buildRules = (
			);
			dependencies = (
			);
			name = iOS10Alert;
			productName = NetWorking;
			productReference = DA4A24561C9B920400C37E1B /* iOS10Alert.app */;
			productType = "com.apple.product-type.application";
		};
/* End PBXNativeTarget section */

/* Begin PBXProject section */
		DA4A244E1C9B920400C37E1B /* Project object */ = {
			isa = PBXProject;
			attributes = {
				LastUpgradeCheck = 0720;
				ORGANIZATIONNAME = iWe;
				TargetAttributes = {
					DA4A24551C9B920400C37E1B = {
						CreatedOnToolsVersion = 7.2.1;
						DevelopmentTeam = P55DG9QH44;
					};
				};
			};
			buildConfigurationList = DA4A24511C9B920400C37E1B /* Build configuration list for PBXProject "iOS10Alert" */;
			compatibilityVersion = "Xcode 3.2";
			developmentRegion = English;
			hasScannedForEncodings = 0;
			knownRegions = (
				en,
				Base,
			);
			mainGroup = DA4A244D1C9B920400C37E1B;
			productRefGroup = DA4A24571C9B920400C37E1B /* Products */;
			projectDirPath = "";
			projectRoot = "";
			targets = (
				DA4A24551C9B920400C37E1B /* iOS10Alert */,
			);
		};
/* End PBXProject section */

/* Begin PBXResourcesBuildPhase section */
		DA4A24541C9B920400C37E1B /* Resources */ = {
			isa = PBXResourcesBuildPhase;
			buildActionMask = 2147483647;
			files = (
				DA91B23D1C9BE5E60044CB81 /* TipsView.xib in Resources */,
				DA91B23F1C9BE64C0044CB81 /* Info.plist in Resources */,
				DA91B2361C9BE5E60044CB81 /* LaunchScreen.storyboard in Resources */,
				DA91B2331C9BE5E60044CB81 /* Assets.xcassets in Resources */,
				DA91B2391C9BE5E60044CB81 /* Main.storyboard in Resources */,
			);
			runOnlyForDeploymentPostprocessing = 0;
		};
/* End PBXResourcesBuildPhase section */

/* Begin PBXSourcesBuildPhase section */
		DA4A24521C9B920400C37E1B /* Sources */ = {
			isa = PBXSourcesBuildPhase;
			buildActionMask = 2147483647;
			files = (
				DA91B23B1C9BE5E60044CB81 /* RegistTable.m in Sources */,
				DA91B23C1C9BE5E60044CB81 /* TipsView.m in Sources */,
				DA91B2321C9BE5E60044CB81 /* AppDelegate.m in Sources */,
				DA91B2371C9BE5E60044CB81 /* LoginTable.m in Sources */,
				DA91B2381C9BE5E60044CB81 /* main.m in Sources */,
				DA91B2341C9BE5E60044CB81 /* ExObject.m in Sources */,
				DA91B23A1C9BE5E60044CB81 /* NetWorking.xcdatamodeld in Sources */,
			);
			runOnlyForDeploymentPostprocessing = 0;
		};
/* End PBXSourcesBuildPhase section */

/* Begin XCBuildConfiguration section */
		DA4A246E1C9B920400C37E1B /* Debug */ = {
			isa = XCBuildConfiguration;
			buildSettings = {
				ALWAYS_SEARCH_USER_PATHS = NO;
				CLANG_CXX_LANGUAGE_STANDARD = "gnu++0x";
				CLANG_CXX_LIBRARY = "libc++";
				CLANG_ENABLE_MODULES = YES;
				CLANG_ENABLE_OBJC_ARC = YES;
				CLANG_WARN_BOOL_CONVERSION = YES;
				CLANG_WARN_CONSTANT_CONVERSION = YES;
				CLANG_WARN_DIRECT_OBJC_ISA_USAGE = YES_ERROR;
				CLANG_WARN_EMPTY_BODY = YES;
				CLANG_WARN_ENUM_CONVERSION = YES;
				CLANG_WARN_INT_CONVERSION = YES;
				CLANG_WARN_OBJC_ROOT_CLASS = YES_ERROR;
				CLANG_WARN_UNREACHABLE_CODE = YES;
				CLANG_WARN__DUPLICATE_METHOD_MATCH = YES;
				"CODE_SIGN_IDENTITY[sdk=iphoneos*]" = "iPhone Developer";
				COPY_PHASE_STRIP = NO;
				DEBUG_INFORMATION_FORMAT = dwarf;
				ENABLE_STRICT_OBJC_MSGSEND = YES;
				ENABLE_TESTABILITY = YES;
				GCC_C_LANGUAGE_STANDARD = gnu99;
				GCC_DYNAMIC_NO_PIC = NO;
				GCC_NO_COMMON_BLOCKS = YES;
				GCC_OPTIMIZATION_LEVEL = 0;
				GCC_PREPROCESSOR_DEFINITIONS = (
					"DEBUG=1",
					"$(inherited)",
				);
				GCC_WARN_64_TO_32_BIT_CONVERSION = YES;
				GCC_WARN_ABOUT_RETURN_TYPE = YES_ERROR;
				GCC_WARN_UNDECLARED_SELECTOR = YES;
				GCC_WARN_UNINITIALIZED_AUTOS = YES_AGGRESSIVE;
				GCC_WARN_UNUSED_FUNCTION = YES;
				GCC_WARN_UNUSED_VARIABLE = YES;
				IPHONEOS_DEPLOYMENT_TARGET = 9.2;
				MTL_ENABLE_DEBUG_INFO = YES;
				ONLY_ACTIVE_ARCH = YES;
				SDKROOT = iphoneos;
				TARGETED_DEVICE_FAMILY = "1,2";
			};
			name = Debug;
		};
		DA4A246F1C9B920400C37E1B /* Release */ = {
			isa = XCBuildConfiguration;
			buildSettings = {
				ALWAYS_SEARCH_USER_PATHS = NO;
				CLANG_CXX_LANGUAGE_STANDARD = "gnu++0x";
				CLANG_CXX_LIBRARY = "libc++";
				CLANG_ENABLE_MODULES = YES;
				CLANG_ENABLE_OBJC_ARC = YES;
				CLANG_WARN_BOOL_CONVERSION = YES;
				CLANG_WARN_CONSTANT_CONVERSION = YES;
				CLANG_WARN_DIRECT_OBJC_ISA_USAGE = YES_ERROR;
				CLANG_WARN_EMPTY_BODY = YES;
				CLANG_WARN_ENUM_CONVERSION = YES;
				CLANG_WARN_INT_CONVERSION = YES;
				CLANG_WARN_OBJC_ROOT_CLASS = YES_ERROR;
				CLANG_WARN_UNREACHABLE_CODE = YES;
				CLANG_WARN__DUPLICATE_METHOD_MATCH = YES;
				"CODE_SIGN_IDENTITY[sdk=iphoneos*]" = "iPhone Developer";
				COPY_PHASE_STRIP = NO;
				DEBUG_INFORMATION_FORMAT = "dwarf-with-dsym";
				ENABLE_NS_ASSERTIONS = NO;
				ENABLE_STRICT_OBJC_MSGSEND = YES;
				GCC_C_LANGUAGE_STANDARD = gnu99;
				GCC_NO_COMMON_BLOCKS = YES;
				GCC_WARN_64_TO_32_BIT_CONVERSION = YES;
				GCC_WARN_ABOUT_RETURN_TYPE = YES_ERROR;
				GCC_WARN_UNDECLARED_SELECTOR = YES;
				GCC_WARN_UNINITIALIZED_AUTOS = YES_AGGRESSIVE;
				GCC_WARN_UNUSED_FUNCTION = YES;
				GCC_WARN_UNUSED_VARIABLE = YES;
				IPHONEOS_DEPLOYMENT_TARGET = 9.2;
				MTL_ENABLE_DEBUG_INFO = NO;
				SDKROOT = iphoneos;
				TARGETED_DEVICE_FAMILY = "1,2";
				VALIDATE_PRODUCT = YES;
			};
			name = Release;
		};
		DA4A24711C9B920400C37E1B /* Debug */ = {
			isa = XCBuildConfiguration;
			buildSettings = {
				ASSETCATALOG_COMPILER_APPICON_NAME = AppIcon;
				INFOPLIST_FILE = NetWorking/Info.plist;
				IPHONEOS_DEPLOYMENT_TARGET = 8.0;
				LD_RUNPATH_SEARCH_PATHS = "$(inherited) @executable_path/Frameworks";
				PRODUCT_BUNDLE_IDENTIFIER = cc.iWecon.iOS10Alert;
				PRODUCT_NAME = iOS10Alert;
				TARGETED_DEVICE_FAMILY = 1;
			};
			name = Debug;
		};
		DA4A24721C9B920400C37E1B /* Release */ = {
			isa = XCBuildConfiguration;
			buildSettings = {
				ASSETCATALOG_COMPILER_APPICON_NAME = AppIcon;
				INFOPLIST_FILE = NetWorking/Info.plist;
				IPHONEOS_DEPLOYMENT_TARGET = 8.0;
				LD_RUNPATH_SEARCH_PATHS = "$(inherited) @executable_path/Frameworks";
				PRODUCT_BUNDLE_IDENTIFIER = cc.iWecon.iOS10Alert;
				PRODUCT_NAME = iOS10Alert;
				TARGETED_DEVICE_FAMILY = 1;
			};
			name = Release;
		};
/* End XCBuildConfiguration section */

/* Begin XCConfigurationList section */
		DA4A24511C9B920400C37E1B /* Build configuration list for PBXProject "iOS10Alert" */ = {
			isa = XCConfigurationList;
			buildConfigurations = (
				DA4A246E1C9B920400C37E1B /* Debug */,
				DA4A246F1C9B920400C37E1B /* Release */,
			);
			defaultConfigurationIsVisible = 0;
			defaultConfigurationName = Release;
		};
		DA4A24701C9B920400C37E1B /* Build configuration list for PBXNativeTarget "iOS10Alert" */ = {
			isa = XCConfigurationList;
			buildConfigurations = (
				DA4A24711C9B920400C37E1B /* Debug */,
				DA4A24721C9B920400C37E1B /* Release */,
			);
			defaultConfigurationIsVisible = 0;
			defaultConfigurationName = Release;
		};
/* End XCConfigurationList section */

/* Begin XCVersionGroup section */
		DA91B22A1C9BE5E60044CB81 /* NetWorking.xcdatamodeld */ = {
			isa = XCVersionGroup;
			children = (
				DA91B22B1C9BE5E60044CB81 /* NetWorking.xcdatamodel */,
			);
			currentVersion = DA91B22B1C9BE5E60044CB81 /* NetWorking.xcdatamodel */;
			path = NetWorking.xcdatamodeld;
			sourceTree = "<group>";
			versionGroupType = wrapper.xcdatamodel;
		};
/* End XCVersionGroup section */
	};
	rootObject = DA4A244E1C9B920400C37E1B /* Project object */;
}
